
Microsoft Visual Studio Solution File, Format Version 12.00
# Visual Studio Version 16
VisualStudioVersion = 16.0.33214.272
MinimumVisualStudioVersion = 10.0.40219.1
Project("{FAE04EC0-301F-11D3-BF4B-00C04F79EFBC}") = "first project", "first project\first project.csproj", "{733A23CA-3B21-422E-B77E-08DEDB36EEE8}"
EndProject
Global
	GlobalSection(SolutionConfigurationPlatforms) = preSolution
		Debug|Any CPU = Debug|Any CPU
		Release|Any CPU = Release|Any CPU
	EndGlobalSection
	GlobalSection(ProjectConfigurationPlatforms) = postSolution
		{733A23CA-3B21-422E-B77E-08DEDB36EEE8}.Debug|Any CPU.ActiveCfg = Debug|Any CPU
		{733A23CA-3B21-422E-B77E-08DEDB36EEE8}.Debug|Any CPU.Build.0 = Debug|Any CPU
		{733A23CA-3B21-422E-B77E-08DEDB36EEE8}.Release|Any CPU.ActiveCfg = Release|Any CPU
		{733A23CA-3B21-422E-B77E-08DEDB36EEE8}.Release|Any CPU.Build.0 = Release|Any CPU
	EndGlobalSection
	GlobalSection(SolutionProperties) = preSolution
		HideSolutionNode = FALSE
	EndGlobalSection
	GlobalSection(ExtensibilityGlobals) = postSolution
		SolutionGuid = {A008DB81-FE69-41BE-AD8B-A86BE2143306}
	EndGlobalSection
EndGlobal
